
Microsoft Visual Studio Solution File, Format Version 12.00
# Visual Studio Version 16
VisualStudioVersion = 16.0.31911.196
MinimumVisualStudioVersion = 10.0.40219.1
Project("{9A19103F-16F7-4668-BE54-9A1E7A4F7556}") = "ISE309.Odev.WebUI", "ISE309.Odev.WebUI\ISE309.Odev.WebUI.csproj", "{294BD80E-DC71-4FFA-A3B7-03A3EC908FA2}"
EndProject
Project("{9A19103F-16F7-4668-BE54-9A1E7A4F7556}") = "ISE309.Odev.BLL", "ISE309.Odev.BLL\ISE309.Odev.BLL.csproj", "{62585138-1A00-454F-9099-7044A2E0FDAD}"
EndProject
Project("{FAE04EC0-301F-11D3-BF4B-00C04F79EFBC}") = "ISE309.Odev.Shared", "ISE309.Odev.Shared\ISE309.Odev.Shared.csproj", "{63B7970D-AA14-4E27-B8B4-8D56803A78EB}"
EndProject
Project("{FAE04EC0-301F-11D3-BF4B-00C04F79EFBC}") = "ISE309.Odev.Core", "ISE309.Odev.Core\ISE309.Odev.Core.csproj", "{228B16DF-5F50-4B9B-B8E6-08FA406BE384}"
EndProject
Global
	GlobalSection(SolutionConfigurationPlatforms) = preSolution
		Debug|Any CPU = Debug|Any CPU
		Release|Any CPU = Release|Any CPU
	EndGlobalSection
	GlobalSection(ProjectConfigurationPlatforms) = postSolution
		{294BD80E-DC71-4FFA-A3B7-03A3EC908FA2}.Debug|Any CPU.ActiveCfg = Debug|Any CPU
		{294BD80E-DC71-4FFA-A3B7-03A3EC908FA2}.Debug|Any CPU.Build.0 = Debug|Any CPU
		{294BD80E-DC71-4FFA-A3B7-03A3EC908FA2}.Release|Any CPU.ActiveCfg = Release|Any CPU
		{294BD80E-DC71-4FFA-A3B7-03A3EC908FA2}.Release|Any CPU.Build.0 = Release|Any CPU
		{62585138-1A00-454F-9099-7044A2E0FDAD}.Debug|Any CPU.ActiveCfg = Debug|Any CPU
		{62585138-1A00-454F-9099-7044A2E0FDAD}.Debug|Any CPU.Build.0 = Debug|Any CPU
		{62585138-1A00-454F-9099-7044A2E0FDAD}.Release|Any CPU.ActiveCfg = Release|Any CPU
		{62585138-1A00-454F-9099-7044A2E0FDAD}.Release|Any CPU.Build.0 = Release|Any CPU
		{63B7970D-AA14-4E27-B8B4-8D56803A78EB}.Debug|Any CPU.ActiveCfg = Debug|Any CPU
		{63B7970D-AA14-4E27-B8B4-8D56803A78EB}.Debug|Any CPU.Build.0 = Debug|Any CPU
		{63B7970D-AA14-4E27-B8B4-8D56803A78EB}.Release|Any CPU.ActiveCfg = Release|Any CPU
		{63B7970D-AA14-4E27-B8B4-8D56803A78EB}.Release|Any CPU.Build.0 = Release|Any CPU
		{228B16DF-5F50-4B9B-B8E6-08FA406BE384}.Debug|Any CPU.ActiveCfg = Debug|Any CPU
		{228B16DF-5F50-4B9B-B8E6-08FA406BE384}.Debug|Any CPU.Build.0 = Debug|Any CPU
		{228B16DF-5F50-4B9B-B8E6-08FA406BE384}.Release|Any CPU.ActiveCfg = Release|Any CPU
		{228B16DF-5F50-4B9B-B8E6-08FA406BE384}.Release|Any CPU.Build.0 = Release|Any CPU
	EndGlobalSection
	GlobalSection(SolutionProperties) = preSolution
		HideSolutionNode = FALSE
	EndGlobalSection
	GlobalSection(ExtensibilityGlobals) = postSolution
		SolutionGuid = {2F6128D0-CAFA-45E7-8A86-BC060F9B25C6}
	EndGlobalSection
EndGlobal
